
Microsoft Visual Studio Solution File, Format Version 12.00
# Visual Studio 15
VisualStudioVersion = 15.0.26124.0
MinimumVisualStudioVersion = 15.0.26124.0
Project("{FAE04EC0-301F-11D3-BF4B-00C04F79EFBC}") = "TwilioEmulator", "src\TwilioEmulator\TwilioEmulator.csproj", "{4182755F-791B-481A-B1AD-000BA5642FBC}"
EndProject
Global
	GlobalSection(SolutionConfigurationPlatforms) = preSolution
		Debug|Any CPU = Debug|Any CPU
		Release|Any CPU = Release|Any CPU
	EndGlobalSection
	GlobalSection(ProjectConfigurationPlatforms) = postSolution
		{4182755F-791B-481A-B1AD-000BA5642FBC}.Debug|Any CPU.ActiveCfg = Debug|Any CPU
		{4182755F-791B-481A-B1AD-000BA5642FBC}.Debug|Any CPU.Build.0 = Debug|Any CPU
		{4182755F-791B-481A-B1AD-000BA5642FBC}.Release|Any CPU.ActiveCfg = Release|Any CPU
		{4182755F-791B-481A-B1AD-000BA5642FBC}.Release|Any CPU.Build.0 = Release|Any CPU
	EndGlobalSection
	GlobalSection(SolutionProperties) = preSolution
		HideSolutionNode = FALSE
	EndGlobalSection
	GlobalSection(ExtensibilityGlobals) = postSolution
		SolutionGuid = {1118E64D-DAE8-42A4-8115-CF0CC0BA0234}
	EndGlobalSection
EndGlobal
